
Microsoft Visual Studio Solution File, Format Version 12.00
# Visual Studio 15
VisualStudioVersion = 15.0.28307.106
MinimumVisualStudioVersion = 10.0.40219.1
Project("{FAE04EC0-301F-11D3-BF4B-00C04F79EFBC}") = "mz_ipl-loader", "mz_ipl-loader\mz_ipl-loader.csproj", "{995DF46D-C5E6-49E0-972C-47960395FE0C}"
EndProject
Global
	GlobalSection(SolutionConfigurationPlatforms) = preSolution
		Debug|Any CPU = Debug|Any CPU
		Release|Any CPU = Release|Any CPU
	EndGlobalSection
	GlobalSection(ProjectConfigurationPlatforms) = postSolution
		{995DF46D-C5E6-49E0-972C-47960395FE0C}.Debug|Any CPU.ActiveCfg = Debug|Any CPU
		{995DF46D-C5E6-49E0-972C-47960395FE0C}.Debug|Any CPU.Build.0 = Debug|Any CPU
		{995DF46D-C5E6-49E0-972C-47960395FE0C}.Release|Any CPU.ActiveCfg = Release|Any CPU
		{995DF46D-C5E6-49E0-972C-47960395FE0C}.Release|Any CPU.Build.0 = Release|Any CPU
	EndGlobalSection
	GlobalSection(SolutionProperties) = preSolution
		HideSolutionNode = FALSE
	EndGlobalSection
	GlobalSection(ExtensibilityGlobals) = postSolution
		SolutionGuid = {D17D015F-9766-4BD4-89C9-EC7313C8B1E3}
	EndGlobalSection
EndGlobal
